{
  "name": "@fabioalmeida/cnpj",
  "version": "2.0.0",
  "lockfileVersion": 3,
  "requires": true,
  "packages": {
    "": {
      "name": "@fabioalmeida/cnpj",
      "version": "2.0.0",
      "license": "ISC",
      "dependencies": {
        "@fabioalmeida/modulo11": "2.0.0"
      }
    },
    "node_modules/@fabioalmeida/modulo11": {
      "version": "2.0.0",
      "resolved": "https://registry.npmjs.org/@fabioalmeida/modulo11/-/modulo11-2.0.0.tgz",
      "integrity": "sha512-iUealTKdCISY87TtiPmWSsw3b8EBM5iJanvIMQC1bUb8YBNwiZVfj+t7KxUTt/qDBTtCStgjDDsiAZO9c4QFSQ==",
      "license": "ISC"
    }
  }
}
